// !$*UTF8*$!
{
	archiveVersion = 1;
	classes = {
	};
	objectVersion = 46;
	objects = {

/* Begin PBXBuildFile section */
		04698B6A1B3D3FE10071ADB5 /* main.m in Sources */ = {isa = PBXBuildFile; fileRef = 04698B691B3D3FE10071ADB5 /* main.m */; };
		04698B6D1B3D3FE10071ADB5 /* AppDelegate.m in Sources */ = {isa = PBXBuildFile; fileRef = 04698B6C1B3D3FE10071ADB5 /* AppDelegate.m */; };
		04698B701B3D3FE10071ADB5 /* ViewController.m in Sources */ = {isa = PBXBuildFile; fileRef = 04698B6F1B3D3FE10071ADB5 /* ViewController.m */; };
		04698B731B3D3FE10071ADB5 /* Main.storyboard in Resources */ = {isa = PBXBuildFile; fileRef = 04698B711B3D3FE10071ADB5 /* Main.storyboard */; };
		04698B751B3D3FE10071ADB5 /* Images.xcassets in Resources */ = {isa = PBXBuildFile; fileRef = 04698B741B3D3FE10071ADB5 /* Images.xcassets */; };
		04698B781B3D3FE10071ADB5 /* LaunchScreen.xib in Resources */ = {isa = PBXBuildFile; fileRef = 04698B761B3D3FE10071ADB5 /* LaunchScreen.xib */; };
		04698B841B3D3FE10071ADB5 /* POST__Tests.m in Sources */ = {isa = PBXBuildFile; fileRef = 04698B831B3D3FE10071ADB5 /* POST__Tests.m */; };
/* End PBXBuildFile section */

/* Begin PBXContainerItemProxy section */
		04698B7E1B3D3FE10071ADB5 /* PBXContainerItemProxy */ = {
			isa = PBXContainerItemProxy;
			containerPortal = 04698B5C1B3D3FE10071ADB5 /* Project object */;
			proxyType = 1;
			remoteGlobalIDString = 04698B631B3D3FE10071ADB5;
			remoteInfo = "POST加密";
		};
/* End PBXContainerItemProxy section */

/* Begin PBXFileReference section */
		04698B641B3D3FE10071ADB5 /* POST加密.app */ = {isa = PBXFileReference; explicitFileType = wrapper.application; includeInIndex = 0; path = "POST加密.app"; sourceTree = BUILT_PRODUCTS_DIR; };
		04698B681B3D3FE10071ADB5 /* Info.plist */ = {isa = PBXFileReference; lastKnownFileType = text.plist.xml; path = Info.plist; sourceTree = "<group>"; };
		04698B691B3D3FE10071ADB5 /* main.m */ = {isa = PBXFileReference; lastKnownFileType = sourcecode.c.objc; path = main.m; sourceTree = "<group>"; };
		04698B6B1B3D3FE10071ADB5 /* AppDelegate.h */ = {isa = PBXFileReference; lastKnownFileType = sourcecode.c.h; path = AppDelegate.h; sourceTree = "<group>"; };
		04698B6C1B3D3FE10071ADB5 /* AppDelegate.m */ = {isa = PBXFileReference; lastKnownFileType = sourcecode.c.objc; path = AppDelegate.m; sourceTree = "<group>"; };
		04698B6E1B3D3FE10071ADB5 /* ViewController.h */ = {isa = PBXFileReference; lastKnownFileType = sourcecode.c.h; path = ViewController.h; sourceTree = "<group>"; };
		04698B6F1B3D3FE10071ADB5 /* ViewController.m */ = {isa = PBXFileReference; lastKnownFileType = sourcecode.c.objc; path = ViewController.m; sourceTree = "<group>"; };
		04698B721B3D3FE10071ADB5 /* Base */ = {isa = PBXFileReference; lastKnownFileType = file.storyboard; name = Base; path = Base.lproj/Main.storyboard; sourceTree = "<group>"; };
		04698B741B3D3FE10071ADB5 /* Images.xcassets */ = {isa = PBXFileReference; lastKnownFileType = folder.assetcatalog; path = Images.xcassets; sourceTree = "<group>"; };
		04698B771B3D3FE10071ADB5 /* Base */ = {isa = PBXFileReference; lastKnownFileType = file.xib; name = Base; path = Base.lproj/LaunchScreen.xib; sourceTree = "<group>"; };
		04698B7D1B3D3FE10071ADB5 /* POST加密Tests.xctest */ = {isa = PBXFileReference; explicitFileType = wrapper.cfbundle; includeInIndex = 0; path = "POST加密Tests.xctest"; sourceTree = BUILT_PRODUCTS_DIR; };
		04698B821B3D3FE10071ADB5 /* Info.plist */ = {isa = PBXFileReference; lastKnownFileType = text.plist.xml; path = Info.plist; sourceTree = "<group>"; };
		04698B831B3D3FE10071ADB5 /* POST__Tests.m */ = {isa = PBXFileReference; lastKnownFileType = sourcecode.c.objc; path = POST__Tests.m; sourceTree = "<group>"; };
/* End PBXFileReference section */

/* Begin PBXFrameworksBuildPhase section */
		04698B611B3D3FE10071ADB5 /* Frameworks */ = {
			isa = PBXFrameworksBuildPhase;
			buildActionMask = 2147483647;
			files = (
			);
			runOnlyForDeploymentPostprocessing = 0;
		};
		04698B7A1B3D3FE10071ADB5 /* Frameworks */ = {
			isa = PBXFrameworksBuildPhase;
			buildActionMask = 2147483647;
			files = (
			);
			runOnlyForDeploymentPostprocessing = 0;
		};
/* End PBXFrameworksBuildPhase section */

/* Begin PBXGroup section */
		04698B5B1B3D3FE10071ADB5 = {
			isa = PBXGroup;
			children = (
				04698B661B3D3FE10071ADB5 /* POST加密 */,
				04698B801B3D3FE10071ADB5 /* POST加密Tests */,
				04698B651B3D3FE10071ADB5 /* Products */,
			);
			sourceTree = "<group>";
		};
		04698B651B3D3FE10071ADB5 /* Products */ = {
			isa = PBXGroup;
			children = (
				04698B641B3D3FE10071ADB5 /* POST加密.app */,
				04698B7D1B3D3FE10071ADB5 /* POST加密Tests.xctest */,
			);
			name = Products;
			sourceTree = "<group>";
		};
		04698B661B3D3FE10071ADB5 /* POST加密 */ = {
			isa = PBXGroup;
			children = (
				04698B6B1B3D3FE10071ADB5 /* AppDelegate.h */,
				04698B6C1B3D3FE10071ADB5 /* AppDelegate.m */,
				04698B6E1B3D3FE10071ADB5 /* ViewController.h */,
				04698B6F1B3D3FE10071ADB5 /* ViewController.m */,
				04698B711B3D3FE10071ADB5 /* Main.storyboard */,
				04698B741B3D3FE10071ADB5 /* Images.xcassets */,
				04698B761B3D3FE10071ADB5 /* LaunchScreen.xib */,
				04698B671B3D3FE10071ADB5 /* Supporting Files */,
			);
			path = "POST加密";
			sourceTree = "<group>";
		};
		04698B671B3D3FE10071ADB5 /* Supporting Files */ = {
			isa = PBXGroup;
			children = (
				04698B681B3D3FE10071ADB5 /* Info.plist */,
				04698B691B3D3FE10071ADB5 /* main.m */,
			);
			name = "Supporting Files";
			sourceTree = "<group>";
		};
		04698B801B3D3FE10071ADB5 /* POST加密Tests */ = {
			isa = PBXGroup;
			children = (
				04698B831B3D3FE10071ADB5 /* POST__Tests.m */,
				04698B811B3D3FE10071ADB5 /* Supporting Files */,
			);
			path = "POST加密Tests";
			sourceTree = "<group>";
		};
		04698B811B3D3FE10071ADB5 /* Supporting Files */ = {
			isa = PBXGroup;
			children = (
				04698B821B3D3FE10071ADB5 /* Info.plist */,
			);
			name = "Supporting Files";
			sourceTree = "<group>";
		};
/* End PBXGroup section */

/* Begin PBXNativeTarget section */
		04698B631B3D3FE10071ADB5 /* POST加密 */ = {
			isa = PBXNativeTarget;
			buildConfigurationList = 04698B871B3D3FE10071ADB5 /* Build configuration list for PBXNativeTarget "POST加密" */;
			buildPhases = (
				04698B601B3D3FE10071ADB5 /* Sources */,
				04698B611B3D3FE10071ADB5 /* Frameworks */,
				04698B621B3D3FE10071ADB5 /* Resources */,
			);
			buildRules = (
			);
			dependencies = (
			);
			name = "POST加密";
			productName = "POST加密";
			productReference = 04698B641B3D3FE10071ADB5 /* POST加密.app */;
			productType = "com.apple.product-type.application";
		};
		04698B7C1B3D3FE10071ADB5 /* POST加密Tests */ = {
			isa = PBXNativeTarget;
			buildConfigurationList = 04698B8A1B3D3FE10071ADB5 /* Build configuration list for PBXNativeTarget "POST加密Tests" */;
			buildPhases = (
				04698B791B3D3FE10071ADB5 /* Sources */,
				04698B7A1B3D3FE10071ADB5 /* Frameworks */,
				04698B7B1B3D3FE10071ADB5 /* Resources */,
			);
			buildRules = (
			);
			dependencies = (
				04698B7F1B3D3FE10071ADB5 /* PBXTargetDependency */,
			);
			name = "POST加密Tests";
			productName = "POST加密Tests";
			productReference = 04698B7D1B3D3FE10071ADB5 /* POST加密Tests.xctest */;
			productType = "com.apple.product-type.bundle.unit-test";
		};
/* End PBXNativeTarget section */

/* Begin PBXProject section */
		04698B5C1B3D3FE10071ADB5 /* Project object */ = {
			isa = PBXProject;
			attributes = {
				LastUpgradeCheck = 0630;
				ORGANIZATIONNAME = CC;
				TargetAttributes = {
					04698B631B3D3FE10071ADB5 = {
						CreatedOnToolsVersion = 6.3.1;
					};
					04698B7C1B3D3FE10071ADB5 = {
						CreatedOnToolsVersion = 6.3.1;
						TestTargetID = 04698B631B3D3FE10071ADB5;
					};
				};
			};
			buildConfigurationList = 04698B5F1B3D3FE10071ADB5 /* Build configuration list for PBXProject "POST加密" */;
			compatibilityVersion = "Xcode 3.2";
			developmentRegion = English;
			hasScannedForEncodings = 0;
			knownRegions = (
				en,
				Base,
			);
			mainGroup = 04698B5B1B3D3FE10071ADB5;
			productRefGroup = 04698B651B3D3FE10071ADB5 /* Products */;
			projectDirPath = "";
			projectRoot = "";
			targets = (
				04698B631B3D3FE10071ADB5 /* POST加密 */,
				04698B7C1B3D3FE10071ADB5 /* POST加密Tests */,
			);
		};
/* End PBXProject section */

/* Begin PBXResourcesBuildPhase section */
		04698B621B3D3FE10071ADB5 /* Resources */ = {
			isa = PBXResourcesBuildPhase;
			buildActionMask = 2147483647;
			files = (
				04698B731B3D3FE10071ADB5 /* Main.storyboard in Resources */,
				04698B781B3D3FE10071ADB5 /* LaunchScreen.xib in Resources */,
				04698B751B3D3FE10071ADB5 /* Images.xcassets in Resources */,
			);
			runOnlyForDeploymentPostprocessing = 0;
		};
		04698B7B1B3D3FE10071ADB5 /* Resources */ = {
			isa = PBXResourcesBuildPhase;
			buildActionMask = 2147483647;
			files = (
			);
			runOnlyForDeploymentPostprocessing = 0;
		};
/* End PBXResourcesBuildPhase section */

/* Begin PBXSourcesBuildPhase section */
		04698B601B3D3FE10071ADB5 /* Sources */ = {
			isa = PBXSourcesBuildPhase;
			buildActionMask = 2147483647;
			files = (
				04698B701B3D3FE10071ADB5 /* ViewController.m in Sources */,
				04698B6D1B3D3FE10071ADB5 /* AppDelegate.m in Sources */,
				04698B6A1B3D3FE10071ADB5 /* main.m in Sources */,
			);
			runOnlyForDeploymentPostprocessing = 0;
		};
		04698B791B3D3FE10071ADB5 /* Sources */ = {
			isa = PBXSourcesBuildPhase;
			buildActionMask = 2147483647;
			files = (
				04698B841B3D3FE10071ADB5 /* POST__Tests.m in Sources */,
			);
			runOnlyForDeploymentPostprocessing = 0;
		};
/* End PBXSourcesBuildPhase section */

/* Begin PBXTargetDependency section */
		04698B7F1B3D3FE10071ADB5 /* PBXTargetDependency */ = {
			isa = PBXTargetDependency;
			target = 04698B631B3D3FE10071ADB5 /* POST加密 */;
			targetProxy = 04698B7E1B3D3FE10071ADB5 /* PBXContainerItemProxy */;
		};
/* End PBXTargetDependency section */

/* Begin PBXVariantGroup section */
		04698B711B3D3FE10071ADB5 /* Main.storyboard */ = {
			isa = PBXVariantGroup;
			children = (
				04698B721B3D3FE10071ADB5 /* Base */,
			);
			name = Main.storyboard;
			sourceTree = "<group>";
		};
		04698B761B3D3FE10071ADB5 /* LaunchScreen.xib */ = {
			isa = PBXVariantGroup;
			children = (
				04698B771B3D3FE10071ADB5 /* Base */,
			);
			name = LaunchScreen.xib;
			sourceTree = "<group>";
		};
/* End PBXVariantGroup section */

/* Begin XCBuildConfiguration section */
		04698B851B3D3FE10071ADB5 /* Debug */ = {
			isa = XCBuildConfiguration;
			buildSettings = {
				ALWAYS_SEARCH_USER_PATHS = NO;
				CLANG_CXX_LANGUAGE_STANDARD = "gnu++0x";
				CLANG_CXX_LIBRARY = "libc++";
				CLANG_ENABLE_MODULES = YES;
				CLANG_ENABLE_OBJC_ARC = YES;
				CLANG_WARN_BOOL_CONVERSION = YES;
				CLANG_WARN_CONSTANT_CONVERSION = YES;
				CLANG_WARN_DIRECT_OBJC_ISA_USAGE = YES_ERROR;
				CLANG_WARN_EMPTY_BODY = YES;
				CLANG_WARN_ENUM_CONVERSION = YES;
				CLANG_WARN_INT_CONVERSION = YES;
				CLANG_WARN_OBJC_ROOT_CLASS = YES_ERROR;
				CLANG_WARN_UNREACHABLE_CODE = YES;
				CLANG_WARN__DUPLICATE_METHOD_MATCH = YES;
				"CODE_SIGN_IDENTITY[sdk=iphoneos*]" = "iPhone Developer";
				COPY_PHASE_STRIP = NO;
				DEBUG_INFORMATION_FORMAT = "dwarf-with-dsym";
				ENABLE_STRICT_OBJC_MSGSEND = YES;
				GCC_C_LANGUAGE_STANDARD = gnu99;
				GCC_DYNAMIC_NO_PIC = NO;
				GCC_NO_COMMON_BLOCKS = YES;
				GCC_OPTIMIZATION_LEVEL = 0;
				GCC_PREPROCESSOR_DEFINITIONS = (
					"DEBUG=1",
					"$(inherited)",
				);
				GCC_SYMBOLS_PRIVATE_EXTERN = NO;
				GCC_WARN_64_TO_32_BIT_CONVERSION = YES;
				GCC_WARN_ABOUT_RETURN_TYPE = YES_ERROR;
				GCC_WARN_UNDECLARED_SELECTOR = YES;
				GCC_WARN_UNINITIALIZED_AUTOS = YES_AGGRESSIVE;
				GCC_WARN_UNUSED_FUNCTION = YES;
				GCC_WARN_UNUSED_VARIABLE = YES;
				IPHONEOS_DEPLOYMENT_TARGET = 8.3;
				MTL_ENABLE_DEBUG_INFO = YES;
				ONLY_ACTIVE_ARCH = YES;
				SDKROOT = iphoneos;
			};
			name = Debug;
		};
		04698B861B3D3FE10071ADB5 /* Release */ = {
			isa = XCBuildConfiguration;
			buildSettings = {
				ALWAYS_SEARCH_USER_PATHS = NO;
				CLANG_CXX_LANGUAGE_STANDARD = "gnu++0x";
				CLANG_CXX_LIBRARY = "libc++";
				CLANG_ENABLE_MODULES = YES;
				CLANG_ENABLE_OBJC_ARC = YES;
				CLANG_WARN_BOOL_CONVERSION = YES;
				CLANG_WARN_CONSTANT_CONVERSION = YES;
				CLANG_WARN_DIRECT_OBJC_ISA_USAGE = YES_ERROR;
				CLANG_WARN_EMPTY_BODY = YES;
				CLANG_WARN_ENUM_CONVERSION = YES;
				CLANG_WARN_INT_CONVERSION = YES;
				CLANG_WARN_OBJC_ROOT_CLASS = YES_ERROR;
				CLANG_WARN_UNREACHABLE_CODE = YES;
				CLANG_WARN__DUPLICATE_METHOD_MATCH = YES;
				"CODE_SIGN_IDENTITY[sdk=iphoneos*]" = "iPhone Developer";
				COPY_PHASE_STRIP = NO;
				DEBUG_INFORMATION_FORMAT = "dwarf-with-dsym";
				ENABLE_NS_ASSERTIONS = NO;
				ENABLE_STRICT_OBJC_MSGSEND = YES;
				GCC_C_LANGUAGE_STANDARD = gnu99;
				GCC_NO_COMMON_BLOCKS = YES;
				GCC_WARN_64_TO_32_BIT_CONVERSION = YES;
				GCC_WARN_ABOUT_RETURN_TYPE = YES_ERROR;
				GCC_WARN_UNDECLARED_SELECTOR = YES;
				GCC_WARN_UNINITIALIZED_AUTOS = YES_AGGRESSIVE;
				GCC_WARN_UNUSED_FUNCTION = YES;
				GCC_WARN_UNUSED_VARIABLE = YES;
				IPHONEOS_DEPLOYMENT_TARGET = 8.3;
				MTL_ENABLE_DEBUG_INFO = NO;
				SDKROOT = iphoneos;
				VALIDATE_PRODUCT = YES;
			};
			name = Release;
		};
		04698B881B3D3FE10071ADB5 /* Debug */ = {
			isa = XCBuildConfiguration;
			buildSettings = {
				ASSETCATALOG_COMPILER_APPICON_NAME = AppIcon;
				INFOPLIST_FILE = "POST加密/Info.plist";
				LD_RUNPATH_SEARCH_PATHS = "$(inherited) @executable_path/Frameworks";
				PRODUCT_NAME = "$(TARGET_NAME)";
			};
			name = Debug;
		};
		04698B891B3D3FE10071ADB5 /* Release */ = {
			isa = XCBuildConfiguration;
			buildSettings = {
				ASSETCATALOG_COMPILER_APPICON_NAME = AppIcon;
				INFOPLIST_FILE = "POST加密/Info.plist";
				LD_RUNPATH_SEARCH_PATHS = "$(inherited) @executable_path/Frameworks";
				PRODUCT_NAME = "$(TARGET_NAME)";
			};
			name = Release;
		};
		04698B8B1B3D3FE10071ADB5 /* Debug */ = {
			isa = XCBuildConfiguration;
			buildSettings = {
				BUNDLE_LOADER = "$(TEST_HOST)";
				FRAMEWORK_SEARCH_PATHS = (
					"$(SDKROOT)/Developer/Library/Frameworks",
					"$(inherited)",
				);
				GCC_PREPROCESSOR_DEFINITIONS = (
					"DEBUG=1",
					"$(inherited)",
				);
				INFOPLIST_FILE = "POST加密Tests/Info.plist";
				LD_RUNPATH_SEARCH_PATHS = "$(inherited) @executable_path/Frameworks @loader_path/Frameworks";
				PRODUCT_NAME = "$(TARGET_NAME)";
				TEST_HOST = "$(BUILT_PRODUCTS_DIR)/POST加密.app/POST加密";
			};
			name = Debug;
		};
		04698B8C1B3D3FE10071ADB5 /* Release */ = {
			isa = XCBuildConfiguration;
			buildSettings = {
				BUNDLE_LOADER = "$(TEST_HOST)";
				FRAMEWORK_SEARCH_PATHS = (
					"$(SDKROOT)/Developer/Library/Frameworks",
					"$(inherited)",
				);
				INFOPLIST_FILE = "POST加密Tests/Info.plist";
				LD_RUNPATH_SEARCH_PATHS = "$(inherited) @executable_path/Frameworks @loader_path/Frameworks";
				PRODUCT_NAME = "$(TARGET_NAME)";
				TEST_HOST = "$(BUILT_PRODUCTS_DIR)/POST加密.app/POST加密";
			};
			name = Release;
		};
/* End XCBuildConfiguration section */

/* Begin XCConfigurationList section */
		04698B5F1B3D3FE10071ADB5 /* Build configuration list for PBXProject "POST加密" */ = {
			isa = XCConfigurationList;
			buildConfigurations = (
				04698B851B3D3FE10071ADB5 /* Debug */,
				04698B861B3D3FE10071ADB5 /* Release */,
			);
			defaultConfigurationIsVisible = 0;
			defaultConfigurationName = Release;
		};
		04698B871B3D3FE10071ADB5 /* Build configuration list for PBXNativeTarget "POST加密" */ = {
			isa = XCConfigurationList;
			buildConfigurations = (
				04698B881B3D3FE10071ADB5 /* Debug */,
				04698B891B3D3FE10071ADB5 /* Release */,
			);
			defaultConfigurationIsVisible = 0;
		};
		04698B8A1B3D3FE10071ADB5 /* Build configuration list for PBXNativeTarget "POST加密Tests" */ = {
			isa = XCConfigurationList;
			buildConfigurations = (
				04698B8B1B3D3FE10071ADB5 /* Debug */,
				04698B8C1B3D3FE10071ADB5 /* Release */,
			);
			defaultConfigurationIsVisible = 0;
		};
/* End XCConfigurationList section */
	};
	rootObject = 04698B5C1B3D3FE10071ADB5 /* Project object */;
}
